
Microsoft Visual Studio Solution File, Format Version 12.00
# Visual Studio Version 17
VisualStudioVersion = 17.0.31919.166
MinimumVisualStudioVersion = 10.0.40219.1
Project("{9A19103F-16F7-4668-BE54-9A1E7A4F7556}") = "StoreAngular", "StoreAngular\StoreAngular.csproj", "{FDF54EC6-2278-448B-B028-A22D112391DF}"
EndProject
Project("{9A19103F-16F7-4668-BE54-9A1E7A4F7556}") = "Core", "Core\Core.csproj", "{3E0E2897-6037-4F70-8FEE-89198B1BDD1C}"
EndProject
Project("{9A19103F-16F7-4668-BE54-9A1E7A4F7556}") = "Infrastructure", "Infrastructure\Infrastructure.csproj", "{F24494B1-10C8-4CE3-B888-12DBDCF5BF5A}"
EndProject
Global
	GlobalSection(SolutionConfigurationPlatforms) = preSolution
		Debug|Any CPU = Debug|Any CPU
		Release|Any CPU = Release|Any CPU
	EndGlobalSection
	GlobalSection(ProjectConfigurationPlatforms) = postSolution
		{FDF54EC6-2278-448B-B028-A22D112391DF}.Debug|Any CPU.ActiveCfg = Debug|Any CPU
		{FDF54EC6-2278-448B-B028-A22D112391DF}.Debug|Any CPU.Build.0 = Debug|Any CPU
		{FDF54EC6-2278-448B-B028-A22D112391DF}.Release|Any CPU.ActiveCfg = Release|Any CPU
		{FDF54EC6-2278-448B-B028-A22D112391DF}.Release|Any CPU.Build.0 = Release|Any CPU
		{3E0E2897-6037-4F70-8FEE-89198B1BDD1C}.Debug|Any CPU.ActiveCfg = Debug|Any CPU
		{3E0E2897-6037-4F70-8FEE-89198B1BDD1C}.Debug|Any CPU.Build.0 = Debug|Any CPU
		{3E0E2897-6037-4F70-8FEE-89198B1BDD1C}.Release|Any CPU.ActiveCfg = Release|Any CPU
		{3E0E2897-6037-4F70-8FEE-89198B1BDD1C}.Release|Any CPU.Build.0 = Release|Any CPU
		{F24494B1-10C8-4CE3-B888-12DBDCF5BF5A}.Debug|Any CPU.ActiveCfg = Debug|Any CPU
		{F24494B1-10C8-4CE3-B888-12DBDCF5BF5A}.Debug|Any CPU.Build.0 = Debug|Any CPU
		{F24494B1-10C8-4CE3-B888-12DBDCF5BF5A}.Release|Any CPU.ActiveCfg = Release|Any CPU
		{F24494B1-10C8-4CE3-B888-12DBDCF5BF5A}.Release|Any CPU.Build.0 = Release|Any CPU
	EndGlobalSection
	GlobalSection(SolutionProperties) = preSolution
		HideSolutionNode = FALSE
	EndGlobalSection
	GlobalSection(ExtensibilityGlobals) = postSolution
		SolutionGuid = {6A89C5D9-721F-4011-A8F0-37BBB75994D6}
	EndGlobalSection
EndGlobal
